
Microsoft Visual Studio Solution File, Format Version 12.00
# Visual Studio Version 17
VisualStudioVersion = 17.14.37314.3 d17.14
MinimumVisualStudioVersion = 10.0.40219.1
Project("{FAE04EC0-301F-11D3-BF4B-00C04F79EFBC}") = "MedicalSystem", "MedicalSystem\MedicalSystem.csproj", "{CAAE6C78-7E48-4CD4-9ACA-DE26705A6E48}"
EndProject
Global
	GlobalSection(SolutionConfigurationPlatforms) = preSolution
		Debug|Any CPU = Debug|Any CPU
		Release|Any CPU = Release|Any CPU
	EndGlobalSection
	GlobalSection(ProjectConfigurationPlatforms) = postSolution
		{CAAE6C78-7E48-4CD4-9ACA-DE26705A6E48}.Debug|Any CPU.ActiveCfg = Debug|Any CPU
		{CAAE6C78-7E48-4CD4-9ACA-DE26705A6E48}.Debug|Any CPU.Build.0 = Debug|Any CPU
		{CAAE6C78-7E48-4CD4-9ACA-DE26705A6E48}.Release|Any CPU.ActiveCfg = Release|Any CPU
		{CAAE6C78-7E48-4CD4-9ACA-DE26705A6E48}.Release|Any CPU.Build.0 = Release|Any CPU
	EndGlobalSection
	GlobalSection(SolutionProperties) = preSolution
		HideSolutionNode = FALSE
	EndGlobalSection
	GlobalSection(ExtensibilityGlobals) = postSolution
		SolutionGuid = {E500E21E-2F65-4169-919A-3C2FE238F8C3}
	EndGlobalSection
EndGlobal
